
Microsoft Visual Studio Solution File, Format Version 12.00
# Visual Studio Express 15 for Windows Desktop
VisualStudioVersion = 15.0.28307.572
MinimumVisualStudioVersion = 10.0.40219.1
Project("{8BC9CEB8-8B4A-11D0-8D11-00A0C91BC942}") = "samples", "samples\samples.vcxproj", "{6B4712B7-14A2-4546-B009-A430BB42F42E}"
EndProject
Project("{8BC9CEB8-8B4A-11D0-8D11-00A0C91BC942}") = "DynamicPrograming", "DynamicPrograming\DynamicPrograming.vcxproj", "{DA6D878A-2465-4316-A2F9-B7D8852B35B5}"
EndProject
Project("{8BC9CEB8-8B4A-11D0-8D11-00A0C91BC942}") = "QuickSort", "QuickSort\QuickSort.vcxproj", "{EE381DDE-531A-4A6E-94ED-545FC7E45B20}"
EndProject
Project("{8BC9CEB8-8B4A-11D0-8D11-00A0C91BC942}") = "MaxPopulation", "MaxPopulation\MaxPopulation.vcxproj", "{692561E9-54F1-4F0E-BC12-F19583B3486E}"
EndProject
Project("{8BC9CEB8-8B4A-11D0-8D11-00A0C91BC942}") = "MagicSquare", "MagicSquare\MagicSquare.vcxproj", "{0BFC0FAA-C397-4985-AEBD-8FDFFC47DD7B}"
EndProject
Project("{8BC9CEB8-8B4A-11D0-8D11-00A0C91BC942}") = "SandBox", "SandBox\SandBox.vcxproj", "{C7269A03-2E0F-41B3-B51F-6A6C3C4580BA}"
EndProject
Project("{8BC9CEB8-8B4A-11D0-8D11-00A0C91BC942}") = "AttributeParser", "AttributeParser\AttributeParser.vcxproj", "{996B1396-2C3F-4545-9D25-87F862767AFC}"
EndProject
Project("{8BC9CEB8-8B4A-11D0-8D11-00A0C91BC942}") = "InsertionSortAdvanced", "InsertionSortAdvanced\InsertionSortAdvanced.vcxproj", "{E45001CB-0167-413E-952C-BEC408368194}"
EndProject
Global
	GlobalSection(SolutionConfigurationPlatforms) = preSolution
		Debug|x64 = Debug|x64
		Debug|x86 = Debug|x86
		Release|x64 = Release|x64
		Release|x86 = Release|x86
	EndGlobalSection
	GlobalSection(ProjectConfigurationPlatforms) = postSolution
		{6B4712B7-14A2-4546-B009-A430BB42F42E}.Debug|x64.ActiveCfg = Debug|x64
		{6B4712B7-14A2-4546-B009-A430BB42F42E}.Debug|x64.Build.0 = Debug|x64
		{6B4712B7-14A2-4546-B009-A430BB42F42E}.Debug|x86.ActiveCfg = Debug|Win32
		{6B4712B7-14A2-4546-B009-A430BB42F42E}.Debug|x86.Build.0 = Debug|Win32
		{6B4712B7-14A2-4546-B009-A430BB42F42E}.Release|x64.ActiveCfg = Release|x64
		{6B4712B7-14A2-4546-B009-A430BB42F42E}.Release|x64.Build.0 = Release|x64
		{6B4712B7-14A2-4546-B009-A430BB42F42E}.Release|x86.ActiveCfg = Release|Win32
		{6B4712B7-14A2-4546-B009-A430BB42F42E}.Release|x86.Build.0 = Release|Win32
		{DA6D878A-2465-4316-A2F9-B7D8852B35B5}.Debug|x64.ActiveCfg = Debug|x64
		{DA6D878A-2465-4316-A2F9-B7D8852B35B5}.Debug|x64.Build.0 = Debug|x64
		{DA6D878A-2465-4316-A2F9-B7D8852B35B5}.Debug|x86.ActiveCfg = Debug|Win32
		{DA6D878A-2465-4316-A2F9-B7D8852B35B5}.Debug|x86.Build.0 = Debug|Win32
		{DA6D878A-2465-4316-A2F9-B7D8852B35B5}.Release|x64.ActiveCfg = Release|x64
		{DA6D878A-2465-4316-A2F9-B7D8852B35B5}.Release|x64.Build.0 = Release|x64
		{DA6D878A-2465-4316-A2F9-B7D8852B35B5}.Release|x86.ActiveCfg = Release|Win32
		{DA6D878A-2465-4316-A2F9-B7D8852B35B5}.Release|x86.Build.0 = Release|Win32
		{EE381DDE-531A-4A6E-94ED-545FC7E45B20}.Debug|x64.ActiveCfg = Debug|x64
		{EE381DDE-531A-4A6E-94ED-545FC7E45B20}.Debug|x64.Build.0 = Debug|x64
		{EE381DDE-531A-4A6E-94ED-545FC7E45B20}.Debug|x86.ActiveCfg = Debug|Win32
		{EE381DDE-531A-4A6E-94ED-545FC7E45B20}.Debug|x86.Build.0 = Debug|Win32
		{EE381DDE-531A-4A6E-94ED-545FC7E45B20}.Release|x64.ActiveCfg = Release|x64
		{EE381DDE-531A-4A6E-94ED-545FC7E45B20}.Release|x64.Build.0 = Release|x64
		{EE381DDE-531A-4A6E-94ED-545FC7E45B20}.Release|x86.ActiveCfg = Release|Win32
		{EE381DDE-531A-4A6E-94ED-545FC7E45B20}.Release|x86.Build.0 = Release|Win32
		{692561E9-54F1-4F0E-BC12-F19583B3486E}.Debug|x64.ActiveCfg = Debug|x64
		{692561E9-54F1-4F0E-BC12-F19583B3486E}.Debug|x64.Build.0 = Debug|x64
		{692561E9-54F1-4F0E-BC12-F19583B3486E}.Debug|x86.ActiveCfg = Debug|Win32
		{692561E9-54F1-4F0E-BC12-F19583B3486E}.Debug|x86.Build.0 = Debug|Win32
		{692561E9-54F1-4F0E-BC12-F19583B3486E}.Release|x64.ActiveCfg = Release|x64
		{692561E9-54F1-4F0E-BC12-F19583B3486E}.Release|x64.Build.0 = Release|x64
		{692561E9-54F1-4F0E-BC12-F19583B3486E}.Release|x86.ActiveCfg = Release|Win32
		{692561E9-54F1-4F0E-BC12-F19583B3486E}.Release|x86.Build.0 = Release|Win32
		{0BFC0FAA-C397-4985-AEBD-8FDFFC47DD7B}.Debug|x64.ActiveCfg = Debug|x64
		{0BFC0FAA-C397-4985-AEBD-8FDFFC47DD7B}.Debug|x64.Build.0 = Debug|x64
		{0BFC0FAA-C397-4985-AEBD-8FDFFC47DD7B}.Debug|x86.ActiveCfg = Debug|Win32
		{0BFC0FAA-C397-4985-AEBD-8FDFFC47DD7B}.Debug|x86.Build.0 = Debug|Win32
		{0BFC0FAA-C397-4985-AEBD-8FDFFC47DD7B}.Release|x64.ActiveCfg = Release|x64
		{0BFC0FAA-C397-4985-AEBD-8FDFFC47DD7B}.Release|x64.Build.0 = Release|x64
		{0BFC0FAA-C397-4985-AEBD-8FDFFC47DD7B}.Release|x86.ActiveCfg = Release|Win32
		{0BFC0FAA-C397-4985-AEBD-8FDFFC47DD7B}.Release|x86.Build.0 = Release|Win32
		{C7269A03-2E0F-41B3-B51F-6A6C3C4580BA}.Debug|x64.ActiveCfg = Debug|x64
		{C7269A03-2E0F-41B3-B51F-6A6C3C4580BA}.Debug|x64.Build.0 = Debug|x64
		{C7269A03-2E0F-41B3-B51F-6A6C3C4580BA}.Debug|x86.ActiveCfg = Debug|Win32
		{C7269A03-2E0F-41B3-B51F-6A6C3C4580BA}.Debug|x86.Build.0 = Debug|Win32
		{C7269A03-2E0F-41B3-B51F-6A6C3C4580BA}.Release|x64.ActiveCfg = Release|x64
		{C7269A03-2E0F-41B3-B51F-6A6C3C4580BA}.Release|x64.Build.0 = Release|x64
		{C7269A03-2E0F-41B3-B51F-6A6C3C4580BA}.Release|x86.ActiveCfg = Release|Win32
		{C7269A03-2E0F-41B3-B51F-6A6C3C4580BA}.Release|x86.Build.0 = Release|Win32
		{996B1396-2C3F-4545-9D25-87F862767AFC}.Debug|x64.ActiveCfg = Debug|x64
		{996B1396-2C3F-4545-9D25-87F862767AFC}.Debug|x64.Build.0 = Debug|x64
		{996B1396-2C3F-4545-9D25-87F862767AFC}.Debug|x86.ActiveCfg = Debug|Win32
		{996B1396-2C3F-4545-9D25-87F862767AFC}.Debug|x86.Build.0 = Debug|Win32
		{996B1396-2C3F-4545-9D25-87F862767AFC}.Release|x64.ActiveCfg = Release|x64
		{996B1396-2C3F-4545-9D25-87F862767AFC}.Release|x64.Build.0 = Release|x64
		{996B1396-2C3F-4545-9D25-87F862767AFC}.Release|x86.ActiveCfg = Release|Win32
		{996B1396-2C3F-4545-9D25-87F862767AFC}.Release|x86.Build.0 = Release|Win32
		{E45001CB-0167-413E-952C-BEC408368194}.Debug|x64.ActiveCfg = Debug|x64
		{E45001CB-0167-413E-952C-BEC408368194}.Debug|x64.Build.0 = Debug|x64
		{E45001CB-0167-413E-952C-BEC408368194}.Debug|x86.ActiveCfg = Debug|Win32
		{E45001CB-0167-413E-952C-BEC408368194}.Debug|x86.Build.0 = Debug|Win32
		{E45001CB-0167-413E-952C-BEC408368194}.Release|x64.ActiveCfg = Release|x64
		{E45001CB-0167-413E-952C-BEC408368194}.Release|x64.Build.0 = Release|x64
		{E45001CB-0167-413E-952C-BEC408368194}.Release|x86.ActiveCfg = Release|Win32
		{E45001CB-0167-413E-952C-BEC408368194}.Release|x86.Build.0 = Release|Win32
	EndGlobalSection
	GlobalSection(SolutionProperties) = preSolution
		HideSolutionNode = FALSE
	EndGlobalSection
	GlobalSection(ExtensibilityGlobals) = postSolution
		SolutionGuid = {3E53C795-C237-481F-9CCE-65620E11DE4A}
	EndGlobalSection
EndGlobal
